Microsoft Visual Studio Solution File, Format Version 12.00
# Visual Studio Version 17
VisualStudioVersion = 17.5.2.0
MinimumVisualStudioVersion = 10.0.40219.1
Project("{FAE04EC0-301F-11D3-BF4B-00C04F79EFBC}") = "azure-app-sam", "azure-app-sam.csproj", "{F4BE4CA5-9F2E-1466-8F4C-19FA11F32542}"
EndProject
Global
	GlobalSection(SolutionConfigurationPlatforms) = preSolution
		Debug|Any CPU = Debug|Any CPU
		Release|Any CPU = Release|Any CPU
	EndGlobalSection
	GlobalSection(ProjectConfigurationPlatforms) = postSolution
		{F4BE4CA5-9F2E-1466-8F4C-19FA11F32542}.Debug|Any CPU.ActiveCfg = Debug|Any CPU
		{F4BE4CA5-9F2E-1466-8F4C-19FA11F32542}.Debug|Any CPU.Build.0 = Debug|Any CPU
		{F4BE4CA5-9F2E-1466-8F4C-19FA11F32542}.Release|Any CPU.ActiveCfg = Release|Any CPU
		{F4BE4CA5-9F2E-1466-8F4C-19FA11F32542}.Release|Any CPU.Build.0 = Release|Any CPU
	EndGlobalSection
	GlobalSection(SolutionProperties) = preSolution
		HideSolutionNode = FALSE
	EndGlobalSection
	GlobalSection(ExtensibilityGlobals) = postSolution
		SolutionGuid = {5C64C54B-D20B-4ABE-867D-1BC75D9A2D95}
	EndGlobalSection
EndGlobal
